
Microsoft Visual Studio Solution File, Format Version 12.00
# Visual Studio Version 17
VisualStudioVersion = 17.8.34511.84
MinimumVisualStudioVersion = 10.0.40219.1
Project("{9A19103F-16F7-4668-BE54-9A1E7A4F7556}") = "SPRENCIA_API", "SPRENCIA_API.csproj", "{58B83690-0F1B-4B5E-861C-6C3991D36D16}"
EndProject
Project("{2150E333-8FDC-42A3-9474-1A3956D46DE8}") = "1 - Presentation", "1 - Presentation", "{60851E7A-52A8-4C32-8BC2-9BA2F20B1A98}"
EndProject
Project("{2150E333-8FDC-42A3-9474-1A3956D46DE8}") = "2 - Application", "2 - Application", "{0C710A8F-CB0E-4759-BE83-2218EC7F5720}"
EndProject
Project("{9A19103F-16F7-4668-BE54-9A1E7A4F7556}") = "SPRENCIA.Application", "..\SPRENCIA.Application\SPRENCIA.Application.csproj", "{D6FA20D2-8CE5-44F4-BFF2-56790137DD0B}"
EndProject
Project("{9A19103F-16F7-4668-BE54-9A1E7A4F7556}") = "SPRENCIA.Application.Contracts", "..\SPRENCIA.Application.Contracts\SPRENCIA.Application.Contracts.csproj", "{F06E3A63-568F-4D75-9F37-324432DEA212}"
EndProject
Project("{9A19103F-16F7-4668-BE54-9A1E7A4F7556}") = "SPRENCIA.Domain", "..\SPRENCIA.Domain\SPRENCIA.Domain.csproj", "{0E980396-D046-4948-8602-9E4CF3A9BDF0}"
EndProject
Project("{2150E333-8FDC-42A3-9474-1A3956D46DE8}") = "3 - Domain", "3 - Domain", "{517D1161-D736-4A32-9015-D55FE5A96DB8}"
EndProject
Project("{2150E333-8FDC-42A3-9474-1A3956D46DE8}") = "4 - Infraestructure", "4 - Infraestructure", "{741C8235-CE41-48FB-8EFB-0333524AC666}"
EndProject
Project("{9A19103F-16F7-4668-BE54-9A1E7A4F7556}") = "SPRENCIA.Infraestructure", "..\SPRENCIA.Infraestructure\SPRENCIA.Infraestructure.csproj", "{E4185C41-740F-4620-BD8B-5ADD4A95E639}"
EndProject
Project("{9A19103F-16F7-4668-BE54-9A1E7A4F7556}") = "SPRENCIA.Infraestructure.Contracts", "..\SPRENCIA.Infraestructure.Contracts\SPRENCIA.Infraestructure.Contracts.csproj", "{82BD2779-991D-478C-9794-EA7FB33B233F}"
EndProject
Project("{2150E333-8FDC-42A3-9474-1A3956D46DE8}") = "5 - CrossCutting", "5 - CrossCutting", "{2805D976-F740-4A02-A650-710E3DB41181}"
EndProject
Project("{9A19103F-16F7-4668-BE54-9A1E7A4F7556}") = "SPRENCIA.CrossCutting", "..\SPRENCIA.CrossCutting\SPRENCIA.CrossCutting.csproj", "{8456452E-A457-45A8-B579-771CB7532F9F}"
EndProject
Project("{9A19103F-16F7-4668-BE54-9A1E7A4F7556}") = "SPRENCIA.CrossCutting.Contracts", "..\SPRENCIA.CrossCutting.Contracts\SPRENCIA.CrossCutting.Contracts.csproj", "{72B237BE-5D4E-4DC1-98B8-E1ED94DEF267}"
EndProject
Global
	GlobalSection(SolutionConfigurationPlatforms) = preSolution
		Debug|Any CPU = Debug|Any CPU
		Release|Any CPU = Release|Any CPU
	EndGlobalSection
	GlobalSection(ProjectConfigurationPlatforms) = postSolution
		{58B83690-0F1B-4B5E-861C-6C3991D36D16}.Debug|Any CPU.ActiveCfg = Debug|Any CPU
		{58B83690-0F1B-4B5E-861C-6C3991D36D16}.Debug|Any CPU.Build.0 = Debug|Any CPU
		{58B83690-0F1B-4B5E-861C-6C3991D36D16}.Release|Any CPU.ActiveCfg = Release|Any CPU
		{58B83690-0F1B-4B5E-861C-6C3991D36D16}.Release|Any CPU.Build.0 = Release|Any CPU
		{D6FA20D2-8CE5-44F4-BFF2-56790137DD0B}.Debug|Any CPU.ActiveCfg = Debug|Any CPU
		{D6FA20D2-8CE5-44F4-BFF2-56790137DD0B}.Debug|Any CPU.Build.0 = Debug|Any CPU
		{D6FA20D2-8CE5-44F4-BFF2-56790137DD0B}.Release|Any CPU.ActiveCfg = Release|Any CPU
		{D6FA20D2-8CE5-44F4-BFF2-56790137DD0B}.Release|Any CPU.Build.0 = Release|Any CPU
		{F06E3A63-568F-4D75-9F37-324432DEA212}.Debug|Any CPU.ActiveCfg = Debug|Any CPU
		{F06E3A63-568F-4D75-9F37-324432DEA212}.Debug|Any CPU.Build.0 = Debug|Any CPU
		{F06E3A63-568F-4D75-9F37-324432DEA212}.Release|Any CPU.ActiveCfg = Release|Any CPU
		{F06E3A63-568F-4D75-9F37-324432DEA212}.Release|Any CPU.Build.0 = Release|Any CPU
		{0E980396-D046-4948-8602-9E4CF3A9BDF0}.Debug|Any CPU.ActiveCfg = Debug|Any CPU
		{0E980396-D046-4948-8602-9E4CF3A9BDF0}.Debug|Any CPU.Build.0 = Debug|Any CPU
		{0E980396-D046-4948-8602-9E4CF3A9BDF0}.Release|Any CPU.ActiveCfg = Release|Any CPU
		{0E980396-D046-4948-8602-9E4CF3A9BDF0}.Release|Any CPU.Build.0 = Release|Any CPU
		{E4185C41-740F-4620-BD8B-5ADD4A95E639}.Debug|Any CPU.ActiveCfg = Debug|Any CPU
		{E4185C41-740F-4620-BD8B-5ADD4A95E639}.Debug|Any CPU.Build.0 = Debug|Any CPU
		{E4185C41-740F-4620-BD8B-5ADD4A95E639}.Release|Any CPU.ActiveCfg = Release|Any CPU
		{E4185C41-740F-4620-BD8B-5ADD4A95E639}.Release|Any CPU.Build.0 = Release|Any CPU
		{82BD2779-991D-478C-9794-EA7FB33B233F}.Debug|Any CPU.ActiveCfg = Debug|Any CPU
		{82BD2779-991D-478C-9794-EA7FB33B233F}.Debug|Any CPU.Build.0 = Debug|Any CPU
		{82BD2779-991D-478C-9794-EA7FB33B233F}.Release|Any CPU.ActiveCfg = Release|Any CPU
		{82BD2779-991D-478C-9794-EA7FB33B233F}.Release|Any CPU.Build.0 = Release|Any CPU
		{8456452E-A457-45A8-B579-771CB7532F9F}.Debug|Any CPU.ActiveCfg = Debug|Any CPU
		{8456452E-A457-45A8-B579-771CB7532F9F}.Debug|Any CPU.Build.0 = Debug|Any CPU
		{8456452E-A457-45A8-B579-771CB7532F9F}.Release|Any CPU.ActiveCfg = Release|Any CPU
		{8456452E-A457-45A8-B579-771CB7532F9F}.Release|Any CPU.Build.0 = Release|Any CPU
		{72B237BE-5D4E-4DC1-98B8-E1ED94DEF267}.Debug|Any CPU.ActiveCfg = Debug|Any CPU
		{72B237BE-5D4E-4DC1-98B8-E1ED94DEF267}.Debug|Any CPU.Build.0 = Debug|Any CPU
		{72B237BE-5D4E-4DC1-98B8-E1ED94DEF267}.Release|Any CPU.ActiveCfg = Release|Any CPU
		{72B237BE-5D4E-4DC1-98B8-E1ED94DEF267}.Release|Any CPU.Build.0 = Release|Any CPU
	EndGlobalSection
	GlobalSection(SolutionProperties) = preSolution
		HideSolutionNode = FALSE
	EndGlobalSection
	GlobalSection(NestedProjects) = preSolution
		{58B83690-0F1B-4B5E-861C-6C3991D36D16} = {60851E7A-52A8-4C32-8BC2-9BA2F20B1A98}
		{D6FA20D2-8CE5-44F4-BFF2-56790137DD0B} = {0C710A8F-CB0E-4759-BE83-2218EC7F5720}
		{F06E3A63-568F-4D75-9F37-324432DEA212} = {0C710A8F-CB0E-4759-BE83-2218EC7F5720}
		{0E980396-D046-4948-8602-9E4CF3A9BDF0} = {517D1161-D736-4A32-9015-D55FE5A96DB8}
		{E4185C41-740F-4620-BD8B-5ADD4A95E639} = {741C8235-CE41-48FB-8EFB-0333524AC666}
		{82BD2779-991D-478C-9794-EA7FB33B233F} = {741C8235-CE41-48FB-8EFB-0333524AC666}
		{8456452E-A457-45A8-B579-771CB7532F9F} = {2805D976-F740-4A02-A650-710E3DB41181}
		{72B237BE-5D4E-4DC1-98B8-E1ED94DEF267} = {2805D976-F740-4A02-A650-710E3DB41181}
	EndGlobalSection
	GlobalSection(ExtensibilityGlobals) = postSolution
		SolutionGuid = {384F8B57-5955-46B6-855E-BD7406E5B56E}
	EndGlobalSection
EndGlobal
